
Microsoft Visual Studio Solution File, Format Version 12.00
# Visual Studio Version 17
VisualStudioVersion = 17.1.32414.318
MinimumVisualStudioVersion = 10.0.40219.1
Project("{9A19103F-16F7-4668-BE54-9A1E7A4F7556}") = "HM.Wpf", "HM.Wpf\HM.Wpf.csproj", "{1A5B68A2-3EF8-4D1F-97E0-2595B75074B7}"
EndProject
Project("{9A19103F-16F7-4668-BE54-9A1E7A4F7556}") = "WpfTestGround", "WpfTestGround\WpfTestGround.csproj", "{5151E811-7D9C-4F64-8E73-ABD0BA0B183E}"
EndProject
Project("{FAE04EC0-301F-11D3-BF4B-00C04F79EFBC}") = "WpfTestGround2", "WpfTestGround2\WpfTestGround2.csproj", "{CCBCAFE8-D499-4159-990F-0A2980A5D965}"
EndProject
Global
	GlobalSection(SolutionConfigurationPlatforms) = preSolution
		Debug|Any CPU = Debug|Any CPU
		Release|Any CPU = Release|Any CPU
	EndGlobalSection
	GlobalSection(ProjectConfigurationPlatforms) = postSolution
		{1A5B68A2-3EF8-4D1F-97E0-2595B75074B7}.Debug|Any CPU.ActiveCfg = Debug|Any CPU
		{1A5B68A2-3EF8-4D1F-97E0-2595B75074B7}.Debug|Any CPU.Build.0 = Debug|Any CPU
		{1A5B68A2-3EF8-4D1F-97E0-2595B75074B7}.Release|Any CPU.ActiveCfg = Release|Any CPU
		{1A5B68A2-3EF8-4D1F-97E0-2595B75074B7}.Release|Any CPU.Build.0 = Release|Any CPU
		{5151E811-7D9C-4F64-8E73-ABD0BA0B183E}.Debug|Any CPU.ActiveCfg = Debug|Any CPU
		{5151E811-7D9C-4F64-8E73-ABD0BA0B183E}.Debug|Any CPU.Build.0 = Debug|Any CPU
		{5151E811-7D9C-4F64-8E73-ABD0BA0B183E}.Release|Any CPU.ActiveCfg = Release|Any CPU
		{5151E811-7D9C-4F64-8E73-ABD0BA0B183E}.Release|Any CPU.Build.0 = Release|Any CPU
		{CCBCAFE8-D499-4159-990F-0A2980A5D965}.Debug|Any CPU.ActiveCfg = Debug|Any CPU
		{CCBCAFE8-D499-4159-990F-0A2980A5D965}.Debug|Any CPU.Build.0 = Debug|Any CPU
		{CCBCAFE8-D499-4159-990F-0A2980A5D965}.Release|Any CPU.ActiveCfg = Release|Any CPU
		{CCBCAFE8-D499-4159-990F-0A2980A5D965}.Release|Any CPU.Build.0 = Release|Any CPU
	EndGlobalSection
	GlobalSection(SolutionProperties) = preSolution
		HideSolutionNode = FALSE
	EndGlobalSection
	GlobalSection(ExtensibilityGlobals) = postSolution
		SolutionGuid = {A18C3215-367C-419F-930B-399F6F338F0E}
	EndGlobalSection
EndGlobal
